// !$*UTF8*$!
{
	archiveVersion = 1;
	classes = {
	};
	objectVersion = 51;
	objects = {

/* Begin PBXBuildFile section */
		182D6CF626A7B371007F2019 /* AppDelegate.m in Sources */ = {isa = PBXBuildFile; fileRef = 182D6CF526A7B371007F2019 /* AppDelegate.m */; };
		182D6CFC26A7B371007F2019 /* ViewController.m in Sources */ = {isa = PBXBuildFile; fileRef = 182D6CFB26A7B371007F2019 /* ViewController.m */; };
		182D6D0126A7B373007F2019 /* Assets.xcassets in Resources */ = {isa = PBXBuildFile; fileRef = 182D6D0026A7B373007F2019 /* Assets.xcassets */; };
		182D6D0426A7B373007F2019 /* LaunchScreen.storyboard in Resources */ = {isa = PBXBuildFile; fileRef = 182D6D0226A7B373007F2019 /* LaunchScreen.storyboard */; };
		182D6D0726A7B373007F2019 /* main.m in Sources */ = {isa = PBXBuildFile; fileRef = 182D6D0626A7B373007F2019 /* main.m */; };
		182D6D2D26A7B7CB007F2019 /* JMCATransitionVC.m in Sources */ = {isa = PBXBuildFile; fileRef = 182D6D2C26A7B7CB007F2019 /* JMCATransitionVC.m */; };
		1847F41426BA452100836E1E /* UIView+KGAnimation.m in Sources */ = {isa = PBXBuildFile; fileRef = 1847F41326BA452100836E1E /* UIView+KGAnimation.m */; };
		1847F41726BA456F00836E1E /* JMPopVC.m in Sources */ = {isa = PBXBuildFile; fileRef = 1847F41626BA456F00836E1E /* JMPopVC.m */; };
		1847F41A26BA461D00836E1E /* JMData.m in Sources */ = {isa = PBXBuildFile; fileRef = 1847F41926BA461D00836E1E /* JMData.m */; };
		1897D66E277076B000AB932E /* JMQrCodeViewController.m in Sources */ = {isa = PBXBuildFile; fileRef = 1897D66D277076B000AB932E /* JMQrCodeViewController.m */; };
		18CB8E89270BFBFC00E61628 /* JMKVCVC.m in Sources */ = {isa = PBXBuildFile; fileRef = 18CB8E87270BFBFB00E61628 /* JMKVCVC.m */; };
		18CB8E97270DE0F300E61628 /* JMBlock.m in Sources */ = {isa = PBXBuildFile; fileRef = 18CB8E96270DE0F200E61628 /* JMBlock.m */; };
		18CB8E9B270DE12600E61628 /* JMRunLoopVC.m in Sources */ = {isa = PBXBuildFile; fileRef = 18CB8E9A270DE12600E61628 /* JMRunLoopVC.m */; };
		18CB8EA4270F45E200E61628 /* NSTimer+JMWeakTimer.m in Sources */ = {isa = PBXBuildFile; fileRef = 18CB8EA3270F45E200E61628 /* NSTimer+JMWeakTimer.m */; };
		18ED028B293DE04D00ACB9AA /* JMGrayVC.m in Sources */ = {isa = PBXBuildFile; fileRef = 18ED028A293DE04D00ACB9AA /* JMGrayVC.m */; };
		18ED028E293DE0A300ACB9AA /* JMGrayCell.m in Sources */ = {isa = PBXBuildFile; fileRef = 18ED028D293DE0A300ACB9AA /* JMGrayCell.m */; };
		18ED0291293DE0CD00ACB9AA /* JMViewOverLay.m in Sources */ = {isa = PBXBuildFile; fileRef = 18ED0290293DE0CD00ACB9AA /* JMViewOverLay.m */; };
		18FE54AB26AE5F07007FD56B /* JMWebviewVC.m in Sources */ = {isa = PBXBuildFile; fileRef = 18FE54AA26AE5F07007FD56B /* JMWebviewVC.m */; };
		434C873C4DDD071A7FA104E6 /* Pods_JMDemoTests.framework in Frameworks */ = {isa = PBXBuildFile; fileRef = A2DF1C6A6620E0FA84C1BD8F /* Pods_JMDemoTests.framework */; };
		4B1B58C4271D57A40020ECEE /* JMFrameAndBoundsVC.m in Sources */ = {isa = PBXBuildFile; fileRef = 4B1B58C3271D57A40020ECEE /* JMFrameAndBoundsVC.m */; };
		4B1B58C7271D681E0020ECEE /* JMView.m in Sources */ = {isa = PBXBuildFile; fileRef = 4B1B58C6271D681E0020ECEE /* JMView.m */; };
		4B1BA0F726FDCA4300A7BE74 /* JMOperatorVC.m in Sources */ = {isa = PBXBuildFile; fileRef = 4B1BA0F626FDCA4300A7BE74 /* JMOperatorVC.m */; };
		4B1BA0FA270068E500A7BE74 /* JMBlockVC.m in Sources */ = {isa = PBXBuildFile; fileRef = 4B1BA0F9270068E500A7BE74 /* JMBlockVC.m */; };
		4B1BA0FD27019F7D00A7BE74 /* JMKVOVC.m in Sources */ = {isa = PBXBuildFile; fileRef = 4B1BA0FC27019F7D00A7BE74 /* JMKVOVC.m */; };
		4B1D770F26D742EF00205028 /* JMUIWebViewVC.m in Sources */ = {isa = PBXBuildFile; fileRef = 4B1D770E26D742EF00205028 /* JMUIWebViewVC.m */; };
		4B1D771726D7443F00205028 /* index.html in Resources */ = {isa = PBXBuildFile; fileRef = 4B1D771326D7443F00205028 /* index.html */; };
		4B1D771826D7443F00205028 /* jquery.min.js in Resources */ = {isa = PBXBuildFile; fileRef = 4B1D771526D7443F00205028 /* jquery.min.js */; };
		4B1D771926D7443F00205028 /* OA.png in Resources */ = {isa = PBXBuildFile; fileRef = 4B1D771626D7443F00205028 /* OA.png */; };
		4B2EFF1E26CCAB33008163B6 /* JMGCDVC.m in Sources */ = {isa = PBXBuildFile; fileRef = 4B2EFF1D26CCAB33008163B6 /* JMGCDVC.m */; };
		4B33160926FCB14800F3C295 /* JMPerson.m in Sources */ = {isa = PBXBuildFile; fileRef = 4B33160826FCB14800F3C295 /* JMPerson.m */; };
		4B33160C26FCB16300F3C295 /* JMStudent.m in Sources */ = {isa = PBXBuildFile; fileRef = 4B33160B26FCB16300F3C295 /* JMStudent.m */; };
		4B4F9816272159F900A10819 /* JMBannerVC.m in Sources */ = {isa = PBXBuildFile; fileRef = 4B4F9815272159F900A10819 /* JMBannerVC.m */; };
		4B4F981927215A2A00A10819 /* JMBannerView.m in Sources */ = {isa = PBXBuildFile; fileRef = 4B4F981827215A2A00A10819 /* JMBannerView.m */; };
		4B4F981D2726A06100A10819 /* JMNetworkStatusTool.m in Sources */ = {isa = PBXBuildFile; fileRef = 4B4F981C2726A06100A10819 /* JMNetworkStatusTool.m */; };
		4B4F98202726B2F000A10819 /* JMUpLoadIdfa.m in Sources */ = {isa = PBXBuildFile; fileRef = 4B4F981F2726B2F000A10819 /* JMUpLoadIdfa.m */; };
		4B51D13C271EA5EE00C0CC00 /* JMCALayerVC.m in Sources */ = {isa = PBXBuildFile; fileRef = 4B51D13B271EA5EE00C0CC00 /* JMCALayerVC.m */; };
		4B78F83927140E5700E48F37 /* JMLagMonitor.m in Sources */ = {isa = PBXBuildFile; fileRef = 4B78F83827140E5700E48F37 /* JMLagMonitor.m */; };
		4BD58F10272BC88000E3383B /* JMLockVC.m in Sources */ = {isa = PBXBuildFile; fileRef = 4BD58F0F272BC88000E3383B /* JMLockVC.m */; };
		4BD58F14272CF9E900E3383B /* JMInitObjWithStrVC.m in Sources */ = {isa = PBXBuildFile; fileRef = 4BD58F13272CF9E900E3383B /* JMInitObjWithStrVC.m */; };
		4BD58F1E273287A400E3383B /* JMLockSubVC.m in Sources */ = {isa = PBXBuildFile; fileRef = 4BD58F1D273287A400E3383B /* JMLockSubVC.m */; };
		4BDEF5942728E544000CEEAD /* JMNSCodingVC.m in Sources */ = {isa = PBXBuildFile; fileRef = 4BDEF5932728E544000CEEAD /* JMNSCodingVC.m */; };
		4BDEF5972728E55A000CEEAD /* JMNSCodingModel.m in Sources */ = {isa = PBXBuildFile; fileRef = 4BDEF5962728E55A000CEEAD /* JMNSCodingModel.m */; };
		4BE0E4692705AF8600E34869 /* JMKVOVC+JMCategory.m in Sources */ = {isa = PBXBuildFile; fileRef = 4BE0E4682705AF8600E34869 /* JMKVOVC+JMCategory.m */; };
		4BE0E46D270FF67F00E34869 /* JMDelegateVC.m in Sources */ = {isa = PBXBuildFile; fileRef = 4BE0E46C270FF67F00E34869 /* JMDelegateVC.m */; };
		4BE0E470270FF79C00E34869 /* JMDelegateObject.m in Sources */ = {isa = PBXBuildFile; fileRef = 4BE0E46F270FF79C00E34869 /* JMDelegateObject.m */; };
		4BE0E47327101D1100E34869 /* JMObjectA.m in Sources */ = {isa = PBXBuildFile; fileRef = 4BE0E47227101D1100E34869 /* JMObjectA.m */; };
		4BE0E47627101D1F00E34869 /* JMObjectB.m in Sources */ = {isa = PBXBuildFile; fileRef = 4BE0E47527101D1F00E34869 /* JMObjectB.m */; };
		4BE25004273A51C700A1F9D0 /* JMScrollView.m in Sources */ = {isa = PBXBuildFile; fileRef = 4BE25003273A51C700A1F9D0 /* JMScrollView.m */; };
		4BE2500B273A7BDA00A1F9D0 /* JMGestureVC.m in Sources */ = {isa = PBXBuildFile; fileRef = 4BE2500A273A7BDA00A1F9D0 /* JMGestureVC.m */; };
		4BE4808526FC2AAD0065F11E /* JMRuntimeMsgSendVC.m in Sources */ = {isa = PBXBuildFile; fileRef = 4BE4808426FC2AAD0065F11E /* JMRuntimeMsgSendVC.m */; };
		4BF60E2227391E0500C27027 /* JMScrollViewVC.m in Sources */ = {isa = PBXBuildFile; fileRef = 4BF60E2127391E0500C27027 /* JMScrollViewVC.m */; };
		5E8D2BDC28E9EBA55B28D6A6 /* Pods_JMDemo.framework in Frameworks */ = {isa = PBXBuildFile; fileRef = 755B003996060F5B8FFBE081 /* Pods_JMDemo.framework */; };
		CDFC66877F6FF75288EAEC2F /* Pods_JMDemo_JMDemoUITests.framework in Frameworks */ = {isa = PBXBuildFile; fileRef = 5B084AB12D073AB10DC76E0F /* Pods_JMDemo_JMDemoUITests.framework */; };
/* End PBXBuildFile section */

/* Begin PBXContainerItemProxy section */
		182D6D0D26A7B374007F2019 /* PBXContainerItemProxy */ = {
			isa = PBXContainerItemProxy;
			containerPortal = 182D6CE926A7B371007F2019 /* Project object */;
			proxyType = 1;
			remoteGlobalIDString = 182D6CF026A7B371007F2019;
			remoteInfo = JMDemo;
		};
		182D6D1826A7B374007F2019 /* PBXContainerItemProxy */ = {
			isa = PBXContainerItemProxy;
			containerPortal = 182D6CE926A7B371007F2019 /* Project object */;
			proxyType = 1;
			remoteGlobalIDString = 182D6CF026A7B371007F2019;
			remoteInfo = JMDemo;
		};
/* End PBXContainerItemProxy section */

/* Begin PBXFileReference section */
		02F976ACAAFACD0E9D12EB4A /* Pods-JMDemoTests.debug.xcconfig */ = {isa = PBXFileReference; includeInIndex = 1; lastKnownFileType = text.xcconfig; name = "Pods-JMDemoTests.debug.xcconfig"; path = "Target Support Files/Pods-JMDemoTests/Pods-JMDemoTests.debug.xcconfig"; sourceTree = "<group>"; };
		0D590C3B894C0EC1FA60B321 /* Pods-JMDemo.release.xcconfig */ = {isa = PBXFileReference; includeInIndex = 1; lastKnownFileType = text.xcconfig; name = "Pods-JMDemo.release.xcconfig"; path = "Target Support Files/Pods-JMDemo/Pods-JMDemo.release.xcconfig"; sourceTree = "<group>"; };
		182D6CF126A7B371007F2019 /* JMDemo.app */ = {isa = PBXFileReference; explicitFileType = wrapper.application; includeInIndex = 0; path = JMDemo.app; sourceTree = BUILT_PRODUCTS_DIR; };
		182D6CF426A7B371007F2019 /* AppDelegate.h */ = {isa = PBXFileReference; lastKnownFileType = sourcecode.c.h; path = AppDelegate.h; sourceTree = "<group>"; };
		182D6CF526A7B371007F2019 /* AppDelegate.m */ = {isa = PBXFileReference; lastKnownFileType = sourcecode.c.objc; path = AppDelegate.m; sourceTree = "<group>"; };
		182D6CFA26A7B371007F2019 /* ViewController.h */ = {isa = PBXFileReference; lastKnownFileType = sourcecode.c.h; path = ViewController.h; sourceTree = "<group>"; };
		182D6CFB26A7B371007F2019 /* ViewController.m */ = {isa = PBXFileReference; lastKnownFileType = sourcecode.c.objc; path = ViewController.m; sourceTree = "<group>"; };
		182D6D0026A7B373007F2019 /* Assets.xcassets */ = {isa = PBXFileReference; lastKnownFileType = folder.assetcatalog; path = Assets.xcassets; sourceTree = "<group>"; };
		182D6D0326A7B373007F2019 /* Base */ = {isa = PBXFileReference; lastKnownFileType = file.storyboard; name = Base; path = Base.lproj/LaunchScreen.storyboard; sourceTree = "<group>"; };
		182D6D0526A7B373007F2019 /* Info.plist */ = {isa = PBXFileReference; lastKnownFileType = text.plist.xml; path = Info.plist; sourceTree = "<group>"; };
		182D6D0626A7B373007F2019 /* main.m */ = {isa = PBXFileReference; lastKnownFileType = sourcecode.c.objc; path = main.m; sourceTree = "<group>"; };
		182D6D0C26A7B374007F2019 /* JMDemoTests.xctest */ = {isa = PBXFileReference; explicitFileType = wrapper.cfbundle; includeInIndex = 0; path = JMDemoTests.xctest; sourceTree = BUILT_PRODUCTS_DIR; };
		182D6D1726A7B374007F2019 /* JMDemoUITests.xctest */ = {isa = PBXFileReference; explicitFileType = wrapper.cfbundle; includeInIndex = 0; path = JMDemoUITests.xctest; sourceTree = BUILT_PRODUCTS_DIR; };
		182D6D2926A7B61F007F2019 /* JMDemo-Header.h */ = {isa = PBXFileReference; lastKnownFileType = sourcecode.c.h; path = "JMDemo-Header.h"; sourceTree = "<group>"; };
		182D6D2B26A7B7CB007F2019 /* JMCATransitionVC.h */ = {isa = PBXFileReference; lastKnownFileType = sourcecode.c.h; path = JMCATransitionVC.h; sourceTree = "<group>"; };
		182D6D2C26A7B7CB007F2019 /* JMCATransitionVC.m */ = {isa = PBXFileReference; lastKnownFileType = sourcecode.c.objc; path = JMCATransitionVC.m; sourceTree = "<group>"; };
		1847F41226BA452100836E1E /* UIView+KGAnimation.h */ = {isa = PBXFileReference; fileEncoding = 4; lastKnownFileType = sourcecode.c.h; path = "UIView+KGAnimation.h"; sourceTree = "<group>"; };
		1847F41326BA452100836E1E /* UIView+KGAnimation.m */ = {isa = PBXFileReference; fileEncoding = 4; lastKnownFileType = sourcecode.c.objc; path = "UIView+KGAnimation.m"; sourceTree = "<group>"; };
		1847F41526BA456F00836E1E /* JMPopVC.h */ = {isa = PBXFileReference; lastKnownFileType = sourcecode.c.h; path = JMPopVC.h; sourceTree = "<group>"; };
		1847F41626BA456F00836E1E /* JMPopVC.m */ = {isa = PBXFileReference; lastKnownFileType = sourcecode.c.objc; path = JMPopVC.m; sourceTree = "<group>"; };
		1847F41826BA461D00836E1E /* JMData.h */ = {isa = PBXFileReference; lastKnownFileType = sourcecode.c.h; path = JMData.h; sourceTree = "<group>"; };
		1847F41926BA461D00836E1E /* JMData.m */ = {isa = PBXFileReference; lastKnownFileType = sourcecode.c.objc; path = JMData.m; sourceTree = "<group>"; };
		1897D66C277076B000AB932E /* JMQrCodeViewController.h */ = {isa = PBXFileReference; fileEncoding = 4; lastKnownFileType = sourcecode.c.h; path = JMQrCodeViewController.h; sourceTree = "<group>"; };
		1897D66D277076B000AB932E /* JMQrCodeViewController.m */ = {isa = PBXFileReference; fileEncoding = 4; lastKnownFileType = sourcecode.c.objc; path = JMQrCodeViewController.m; sourceTree = "<group>"; };
		18CB8E87270BFBFB00E61628 /* JMKVCVC.m */ = {isa = PBXFileReference; fileEncoding = 4; lastKnownFileType = sourcecode.c.objc; path = JMKVCVC.m; sourceTree = "<group>"; };
		18CB8E88270BFBFC00E61628 /* JMKVCVC.h */ = {isa = PBXFileReference; fileEncoding = 4; lastKnownFileType = sourcecode.c.h; path = JMKVCVC.h; sourceTree = "<group>"; };
		18CB8E95270DE0F200E61628 /* JMBlock.h */ = {isa = PBXFileReference; fileEncoding = 4; lastKnownFileType = sourcecode.c.h; path = JMBlock.h; sourceTree = "<group>"; };
		18CB8E96270DE0F200E61628 /* JMBlock.m */ = {isa = PBXFileReference; fileEncoding = 4; lastKnownFileType = sourcecode.c.objc; path = JMBlock.m; sourceTree = "<group>"; };
		18CB8E99270DE12600E61628 /* JMRunLoopVC.h */ = {isa = PBXFileReference; fileEncoding = 4; lastKnownFileType = sourcecode.c.h; path = JMRunLoopVC.h; sourceTree = "<group>"; };
		18CB8E9A270DE12600E61628 /* JMRunLoopVC.m */ = {isa = PBXFileReference; fileEncoding = 4; lastKnownFileType = sourcecode.c.objc; path = JMRunLoopVC.m; sourceTree = "<group>"; };
		18CB8EA2270F45E200E61628 /* NSTimer+JMWeakTimer.h */ = {isa = PBXFileReference; fileEncoding = 4; lastKnownFileType = sourcecode.c.h; path = "NSTimer+JMWeakTimer.h"; sourceTree = "<group>"; };
		18CB8EA3270F45E200E61628 /* NSTimer+JMWeakTimer.m */ = {isa = PBXFileReference; fileEncoding = 4; lastKnownFileType = sourcecode.c.objc; path = "NSTimer+JMWeakTimer.m"; sourceTree = "<group>"; };
		18ED0289293DE04D00ACB9AA /* JMGrayVC.h */ = {isa = PBXFileReference; lastKnownFileType = sourcecode.c.h; path = JMGrayVC.h; sourceTree = "<group>"; };
		18ED028A293DE04D00ACB9AA /* JMGrayVC.m */ = {isa = PBXFileReference; lastKnownFileType = sourcecode.c.objc; path = JMGrayVC.m; sourceTree = "<group>"; };
		18ED028C293DE0A300ACB9AA /* JMGrayCell.h */ = {isa = PBXFileReference; lastKnownFileType = sourcecode.c.h; path = JMGrayCell.h; sourceTree = "<group>"; };
		18ED028D293DE0A300ACB9AA /* JMGrayCell.m */ = {isa = PBXFileReference; lastKnownFileType = sourcecode.c.objc; path = JMGrayCell.m; sourceTree = "<group>"; };
		18ED028F293DE0CD00ACB9AA /* JMViewOverLay.h */ = {isa = PBXFileReference; lastKnownFileType = sourcecode.c.h; path = JMViewOverLay.h; sourceTree = "<group>"; };
		18ED0290293DE0CD00ACB9AA /* JMViewOverLay.m */ = {isa = PBXFileReference; lastKnownFileType = sourcecode.c.objc; path = JMViewOverLay.m; sourceTree = "<group>"; };
		18FE54A926AE5F07007FD56B /* JMWebviewVC.h */ = {isa = PBXFileReference; lastKnownFileType = sourcecode.c.h; path = JMWebviewVC.h; sourceTree = "<group>"; };
		18FE54AA26AE5F07007FD56B /* JMWebviewVC.m */ = {isa = PBXFileReference; lastKnownFileType = sourcecode.c.objc; path = JMWebviewVC.m; sourceTree = "<group>"; };
		38734805B0D259A7A18CF75A /* Pods-JMDemo-JMDemoUITests.release.xcconfig */ = {isa = PBXFileReference; includeInIndex = 1; lastKnownFileType = text.xcconfig; name = "Pods-JMDemo-JMDemoUITests.release.xcconfig"; path = "Target Support Files/Pods-JMDemo-JMDemoUITests/Pods-JMDemo-JMDemoUITests.release.xcconfig"; sourceTree = "<group>"; };
		3B68FB2F09F54AFA09002558 /* Pods-JMDemo-JMDemoUITests.debug.xcconfig */ = {isa = PBXFileReference; includeInIndex = 1; lastKnownFileType = text.xcconfig; name = "Pods-JMDemo-JMDemoUITests.debug.xcconfig"; path = "Target Support Files/Pods-JMDemo-JMDemoUITests/Pods-JMDemo-JMDemoUITests.debug.xcconfig"; sourceTree = "<group>"; };
		4B1B58C2271D57A40020ECEE /* JMFrameAndBoundsVC.h */ = {isa = PBXFileReference; lastKnownFileType = sourcecode.c.h; path = JMFrameAndBoundsVC.h; sourceTree = "<group>"; };
		4B1B58C3271D57A40020ECEE /* JMFrameAndBoundsVC.m */ = {isa = PBXFileReference; lastKnownFileType = sourcecode.c.objc; path = JMFrameAndBoundsVC.m; sourceTree = "<group>"; };
		4B1B58C5271D681E0020ECEE /* JMView.h */ = {isa = PBXFileReference; lastKnownFileType = sourcecode.c.h; path = JMView.h; sourceTree = "<group>"; };
		4B1B58C6271D681E0020ECEE /* JMView.m */ = {isa = PBXFileReference; lastKnownFileType = sourcecode.c.objc; path = JMView.m; sourceTree = "<group>"; };
		4B1BA0F526FDCA4300A7BE74 /* JMOperatorVC.h */ = {isa = PBXFileReference; lastKnownFileType = sourcecode.c.h; path = JMOperatorVC.h; sourceTree = "<group>"; };
		4B1BA0F626FDCA4300A7BE74 /* JMOperatorVC.m */ = {isa = PBXFileReference; lastKnownFileType = sourcecode.c.objc; path = JMOperatorVC.m; sourceTree = "<group>"; };
		4B1BA0F8270068E500A7BE74 /* JMBlockVC.h */ = {isa = PBXFileReference; lastKnownFileType = sourcecode.c.h; path = JMBlockVC.h; sourceTree = "<group>"; };
		4B1BA0F9270068E500A7BE74 /* JMBlockVC.m */ = {isa = PBXFileReference; lastKnownFileType = sourcecode.c.objc; path = JMBlockVC.m; sourceTree = "<group>"; };
		4B1BA0FB27019F7D00A7BE74 /* JMKVOVC.h */ = {isa = PBXFileReference; lastKnownFileType = sourcecode.c.h; path = JMKVOVC.h; sourceTree = "<group>"; };
		4B1BA0FC27019F7D00A7BE74 /* JMKVOVC.m */ = {isa = PBXFileReference; lastKnownFileType = sourcecode.c.objc; path = JMKVOVC.m; sourceTree = "<group>"; };
		4B1D770D26D742EF00205028 /* JMUIWebViewVC.h */ = {isa = PBXFileReference; lastKnownFileType = sourcecode.c.h; path = JMUIWebViewVC.h; sourceTree = "<group>"; };
		4B1D770E26D742EF00205028 /* JMUIWebViewVC.m */ = {isa = PBXFileReference; lastKnownFileType = sourcecode.c.objc; path = JMUIWebViewVC.m; sourceTree = "<group>"; };
		4B1D771326D7443F00205028 /* index.html */ = {isa = PBXFileReference; fileEncoding = 4; lastKnownFileType = text.html; path = index.html; sourceTree = "<group>"; };
		4B1D771526D7443F00205028 /* jquery.min.js */ = {isa = PBXFileReference; fileEncoding = 4; lastKnownFileType = sourcecode.javascript; path = jquery.min.js; sourceTree = "<group>"; };
		4B1D771626D7443F00205028 /* OA.png */ = {isa = PBXFileReference; lastKnownFileType = image.png; path = OA.png; sourceTree = "<group>"; };
		4B2EFF1C26CCAB33008163B6 /* JMGCDVC.h */ = {isa = PBXFileReference; lastKnownFileType = sourcecode.c.h; path = JMGCDVC.h; sourceTree = "<group>"; };
		4B2EFF1D26CCAB33008163B6 /* JMGCDVC.m */ = {isa = PBXFileReference; lastKnownFileType = sourcecode.c.objc; path = JMGCDVC.m; sourceTree = "<group>"; };
		4B33160726FCB14800F3C295 /* JMPerson.h */ = {isa = PBXFileReference; lastKnownFileType = sourcecode.c.h; path = JMPerson.h; sourceTree = "<group>"; };
		4B33160826FCB14800F3C295 /* JMPerson.m */ = {isa = PBXFileReference; lastKnownFileType = sourcecode.c.objc; path = JMPerson.m; sourceTree = "<group>"; };
		4B33160A26FCB16300F3C295 /* JMStudent.h */ = {isa = PBXFileReference; lastKnownFileType = sourcecode.c.h; path = JMStudent.h; sourceTree = "<group>"; };
		4B33160B26FCB16300F3C295 /* JMStudent.m */ = {isa = PBXFileReference; lastKnownFileType = sourcecode.c.objc; path = JMStudent.m; sourceTree = "<group>"; };
		4B4F9814272159F900A10819 /* JMBannerVC.h */ = {isa = PBXFileReference; lastKnownFileType = sourcecode.c.h; path = JMBannerVC.h; sourceTree = "<group>"; };
		4B4F9815272159F900A10819 /* JMBannerVC.m */ = {isa = PBXFileReference; lastKnownFileType = sourcecode.c.objc; path = JMBannerVC.m; sourceTree = "<group>"; };
		4B4F981727215A2A00A10819 /* JMBannerView.h */ = {isa = PBXFileReference; lastKnownFileType = sourcecode.c.h; path = JMBannerView.h; sourceTree = "<group>"; };
		4B4F981827215A2A00A10819 /* JMBannerView.m */ = {isa = PBXFileReference; lastKnownFileType = sourcecode.c.objc; path = JMBannerView.m; sourceTree = "<group>"; };
		4B4F981B2726A06100A10819 /* JMNetworkStatusTool.h */ = {isa = PBXFileReference; lastKnownFileType = sourcecode.c.h; path = JMNetworkStatusTool.h; sourceTree = "<group>"; };
		4B4F981C2726A06100A10819 /* JMNetworkStatusTool.m */ = {isa = PBXFileReference; lastKnownFileType = sourcecode.c.objc; path = JMNetworkStatusTool.m; sourceTree = "<group>"; };
		4B4F981E2726B2F000A10819 /* JMUpLoadIdfa.h */ = {isa = PBXFileReference; lastKnownFileType = sourcecode.c.h; path = JMUpLoadIdfa.h; sourceTree = "<group>"; };
		4B4F981F2726B2F000A10819 /* JMUpLoadIdfa.m */ = {isa = PBXFileReference; lastKnownFileType = sourcecode.c.objc; path = JMUpLoadIdfa.m; sourceTree = "<group>"; };
		4B51D13A271EA5EE00C0CC00 /* JMCALayerVC.h */ = {isa = PBXFileReference; lastKnownFileType = sourcecode.c.h; path = JMCALayerVC.h; sourceTree = "<group>"; };
		4B51D13B271EA5EE00C0CC00 /* JMCALayerVC.m */ = {isa = PBXFileReference; lastKnownFileType = sourcecode.c.objc; path = JMCALayerVC.m; sourceTree = "<group>"; };
		4B78F83727140E5700E48F37 /* JMLagMonitor.h */ = {isa = PBXFileReference; lastKnownFileType = sourcecode.c.h; path = JMLagMonitor.h; sourceTree = "<group>"; };
		4B78F83827140E5700E48F37 /* JMLagMonitor.m */ = {isa = PBXFileReference; lastKnownFileType = sourcecode.c.objc; path = JMLagMonitor.m; sourceTree = "<group>"; };
		4BD58F0E272BC88000E3383B /* JMLockVC.h */ = {isa = PBXFileReference; lastKnownFileType = sourcecode.c.h; path = JMLockVC.h; sourceTree = "<group>"; };
		4BD58F0F272BC88000E3383B /* JMLockVC.m */ = {isa = PBXFileReference; lastKnownFileType = sourcecode.c.objc; path = JMLockVC.m; sourceTree = "<group>"; };
		4BD58F12272CF9E900E3383B /* JMInitObjWithStrVC.h */ = {isa = PBXFileReference; lastKnownFileType = sourcecode.c.h; path = JMInitObjWithStrVC.h; sourceTree = "<group>"; };
		4BD58F13272CF9E900E3383B /* JMInitObjWithStrVC.m */ = {isa = PBXFileReference; lastKnownFileType = sourcecode.c.objc; path = JMInitObjWithStrVC.m; sourceTree = "<group>"; };
		4BD58F1C273287A400E3383B /* JMLockSubVC.h */ = {isa = PBXFileReference; lastKnownFileType = sourcecode.c.h; path = JMLockSubVC.h; sourceTree = "<group>"; };
		4BD58F1D273287A400E3383B /* JMLockSubVC.m */ = {isa = PBXFileReference; lastKnownFileType = sourcecode.c.objc; path = JMLockSubVC.m; sourceTree = "<group>"; };
		4BDEF5922728E544000CEEAD /* JMNSCodingVC.h */ = {isa = PBXFileReference; lastKnownFileType = sourcecode.c.h; path = JMNSCodingVC.h; sourceTree = "<group>"; };
		4BDEF5932728E544000CEEAD /* JMNSCodingVC.m */ = {isa = PBXFileReference; lastKnownFileType = sourcecode.c.objc; path = JMNSCodingVC.m; sourceTree = "<group>"; };
		4BDEF5952728E55A000CEEAD /* JMNSCodingModel.h */ = {isa = PBXFileReference; lastKnownFileType = sourcecode.c.h; path = JMNSCodingModel.h; sourceTree = "<group>"; };
		4BDEF5962728E55A000CEEAD /* JMNSCodingModel.m */ = {isa = PBXFileReference; lastKnownFileType = sourcecode.c.objc; path = JMNSCodingModel.m; sourceTree = "<group>"; };
		4BE0E4672705AF8600E34869 /* JMKVOVC+JMCategory.h */ = {isa = PBXFileReference; lastKnownFileType = sourcecode.c.h; path = "JMKVOVC+JMCategory.h"; sourceTree = "<group>"; };
		4BE0E4682705AF8600E34869 /* JMKVOVC+JMCategory.m */ = {isa = PBXFileReference; lastKnownFileType = sourcecode.c.objc; path = "JMKVOVC+JMCategory.m"; sourceTree = "<group>"; };
		4BE0E46B270FF67F00E34869 /* JMDelegateVC.h */ = {isa = PBXFileReference; lastKnownFileType = sourcecode.c.h; path = JMDelegateVC.h; sourceTree = "<group>"; };
		4BE0E46C270FF67F00E34869 /* JMDelegateVC.m */ = {isa = PBXFileReference; lastKnownFileType = sourcecode.c.objc; path = JMDelegateVC.m; sourceTree = "<group>"; };
		4BE0E46E270FF79C00E34869 /* JMDelegateObject.h */ = {isa = PBXFileReference; lastKnownFileType = sourcecode.c.h; path = JMDelegateObject.h; sourceTree = "<group>"; };
		4BE0E46F270FF79C00E34869 /* JMDelegateObject.m */ = {isa = PBXFileReference; lastKnownFileType = sourcecode.c.objc; path = JMDelegateObject.m; sourceTree = "<group>"; };
		4BE0E47127101D1100E34869 /* JMObjectA.h */ = {isa = PBXFileReference; lastKnownFileType = sourcecode.c.h; path = JMObjectA.h; sourceTree = "<group>"; };
		4BE0E47227101D1100E34869 /* JMObjectA.m */ = {isa = PBXFileReference; lastKnownFileType = sourcecode.c.objc; path = JMObjectA.m; sourceTree = "<group>"; };
		4BE0E47427101D1F00E34869 /* JMObjectB.h */ = {isa = PBXFileReference; lastKnownFileType = sourcecode.c.h; path = JMObjectB.h; sourceTree = "<group>"; };
		4BE0E47527101D1F00E34869 /* JMObjectB.m */ = {isa = PBXFileReference; lastKnownFileType = sourcecode.c.objc; path = JMObjectB.m; sourceTree = "<group>"; };
		4BE25002273A51C700A1F9D0 /* JMScrollView.h */ = {isa = PBXFileReference; lastKnownFileType = sourcecode.c.h; path = JMScrollView.h; sourceTree = "<group>"; };
		4BE25003273A51C700A1F9D0 /* JMScrollView.m */ = {isa = PBXFileReference; lastKnownFileType = sourcecode.c.objc; path = JMScrollView.m; sourceTree = "<group>"; };
		4BE25009273A7BDA00A1F9D0 /* JMGestureVC.h */ = {isa = PBXFileReference; lastKnownFileType = sourcecode.c.h; path = JMGestureVC.h; sourceTree = "<group>"; };
		4BE2500A273A7BDA00A1F9D0 /* JMGestureVC.m */ = {isa = PBXFileReference; lastKnownFileType = sourcecode.c.objc; path = JMGestureVC.m; sourceTree = "<group>"; };
		4BE4808326FC2AAD0065F11E /* JMRuntimeMsgSendVC.h */ = {isa = PBXFileReference; lastKnownFileType = sourcecode.c.h; path = JMRuntimeMsgSendVC.h; sourceTree = "<group>"; };
		4BE4808426FC2AAD0065F11E /* JMRuntimeMsgSendVC.m */ = {isa = PBXFileReference; lastKnownFileType = sourcecode.c.objc; path = JMRuntimeMsgSendVC.m; sourceTree = "<group>"; };
		4BF60E2027391E0400C27027 /* JMScrollViewVC.h */ = {isa = PBXFileReference; lastKnownFileType = sourcecode.c.h; path = JMScrollViewVC.h; sourceTree = "<group>"; };
		4BF60E2127391E0500C27027 /* JMScrollViewVC.m */ = {isa = PBXFileReference; lastKnownFileType = sourcecode.c.objc; path = JMScrollViewVC.m; sourceTree = "<group>"; };
		4E55D79F5460D3955B94EFB7 /* Pods-JMDemoTests.release.xcconfig */ = {isa = PBXFileReference; includeInIndex = 1; lastKnownFileType = text.xcconfig; name = "Pods-JMDemoTests.release.xcconfig"; path = "Target Support Files/Pods-JMDemoTests/Pods-JMDemoTests.release.xcconfig"; sourceTree = "<group>"; };
		5B084AB12D073AB10DC76E0F /* Pods_JMDemo_JMDemoUITests.framework */ = {isa = PBXFileReference; explicitFileType = wrapper.framework; includeInIndex = 0; path = Pods_JMDemo_JMDemoUITests.framework; sourceTree = BUILT_PRODUCTS_DIR; };
		755B003996060F5B8FFBE081 /* Pods_JMDemo.framework */ = {isa = PBXFileReference; explicitFileType = wrapper.framework; includeInIndex = 0; path = Pods_JMDemo.framework; sourceTree = BUILT_PRODUCTS_DIR; };
		A2DF1C6A6620E0FA84C1BD8F /* Pods_JMDemoTests.framework */ = {isa = PBXFileReference; explicitFileType = wrapper.framework; includeInIndex = 0; path = Pods_JMDemoTests.framework; sourceTree = BUILT_PRODUCTS_DIR; };
		F42282BC0007B33312170BF4 /* Pods-JMDemo.debug.xcconfig */ = {isa = PBXFileReference; includeInIndex = 1; lastKnownFileType = text.xcconfig; name = "Pods-JMDemo.debug.xcconfig"; path = "Target Support Files/Pods-JMDemo/Pods-JMDemo.debug.xcconfig"; sourceTree = "<group>"; };
/* End PBXFileReference section */

/* Begin PBXFrameworksBuildPhase section */
		182D6CEE26A7B371007F2019 /* Frameworks */ = {
			isa = PBXFrameworksBuildPhase;
			buildActionMask = 2147483647;
			files = (
				5E8D2BDC28E9EBA55B28D6A6 /* Pods_JMDemo.framework in Frameworks */,
			);
			runOnlyForDeploymentPostprocessing = 0;
		};
		182D6D0926A7B374007F2019 /* Frameworks */ = {
			isa = PBXFrameworksBuildPhase;
			buildActionMask = 2147483647;
			files = (
				434C873C4DDD071A7FA104E6 /* Pods_JMDemoTests.framework in Frameworks */,
			);
			runOnlyForDeploymentPostprocessing = 0;
		};
		182D6D1426A7B374007F2019 /* Frameworks */ = {
			isa = PBXFrameworksBuildPhase;
			buildActionMask = 2147483647;
			files = (
				CDFC66877F6FF75288EAEC2F /* Pods_JMDemo_JMDemoUITests.framework in Frameworks */,
			);
			runOnlyForDeploymentPostprocessing = 0;
		};
/* End PBXFrameworksBuildPhase section */

/* Begin PBXGroup section */
		182D6CE826A7B371007F2019 = {
			isa = PBXGroup;
			children = (
				182D6CF326A7B371007F2019 /* JMDemo */,
				182D6CF226A7B371007F2019 /* Products */,
				5BEB648440B14B83D335BD2E /* Pods */,
				E470592E3D93AAD384B4DB17 /* Frameworks */,
			);
			sourceTree = "<group>";
		};
		182D6CF226A7B371007F2019 /* Products */ = {
			isa = PBXGroup;
			children = (
				182D6CF126A7B371007F2019 /* JMDemo.app */,
				182D6D0C26A7B374007F2019 /* JMDemoTests.xctest */,
				182D6D1726A7B374007F2019 /* JMDemoUITests.xctest */,
			);
			name = Products;
			sourceTree = "<group>";
		};
		182D6CF326A7B371007F2019 /* JMDemo */ = {
			isa = PBXGroup;
			children = (
				4B1D771226D7443F00205028 /* appLaunch */,
				182D6D2A26A7B7AB007F2019 /* Demo */,
				182D6CF426A7B371007F2019 /* AppDelegate.h */,
				182D6CF526A7B371007F2019 /* AppDelegate.m */,
				182D6CFA26A7B371007F2019 /* ViewController.h */,
				182D6CFB26A7B371007F2019 /* ViewController.m */,
				1847F41826BA461D00836E1E /* JMData.h */,
				1847F41926BA461D00836E1E /* JMData.m */,
				182D6D0026A7B373007F2019 /* Assets.xcassets */,
				182D6D0226A7B373007F2019 /* LaunchScreen.storyboard */,
				182D6D0526A7B373007F2019 /* Info.plist */,
				182D6D0626A7B373007F2019 /* main.m */,
				182D6D2926A7B61F007F2019 /* JMDemo-Header.h */,
			);
			path = JMDemo;
			sourceTree = "<group>";
		};
		182D6D2A26A7B7AB007F2019 /* Demo */ = {
			isa = PBXGroup;
			children = (
				18ED027F293DDFA000ACB9AA /* GrayView */,
				1897D66B277076B000AB932E /* Qr */,
				4BE2500C273A7DA100A1F9D0 /* 动态创建类 */,
				4BE25008273A7BA200A1F9D0 /* Gesture(手势) */,
				4BF60E1F27391DE100C27027 /* ScrollView */,
				4BD58F0D272BC85F00E3383B /* 锁 */,
				4BDEF5912728E50C000CEEAD /* NSCoding */,
				4B4F981A2726A02200A10819 /* JMNetworkStatusTool */,
				4B4F9813272159E300A10819 /* JMBanner */,
				4B51D139271EA5CD00C0CC00 /* CALayer */,
				4B1B58C8271E9C100020ECEE /* Frame、Bounds */,
				4B78F83627140DBB00E48F37 /* GCD、KVO、KVC */,
				4B78F83527140D8800E48F37 /* 动画 */,
				4B78F83427140D6D00E48F37 /* Webview */,
				4BE0E46A270FF66100E34869 /* 代理 */,
				18CB8E9E270F454000E61628 /* 内存管理 */,
				18CB8E98270DE11100E61628 /* RunLoop */,
				18CB8E8E270DA55A00E61628 /* Blcok */,
				4B33160626FCB12A00F3C295 /* Runtime */,
				1847F41126BA451700836E1E /* Category */,
			);
			path = Demo;
			sourceTree = "<group>";
		};
		1847F41126BA451700836E1E /* Category */ = {
			isa = PBXGroup;
			children = (
				1847F41226BA452100836E1E /* UIView+KGAnimation.h */,
				1847F41326BA452100836E1E /* UIView+KGAnimation.m */,
			);
			path = Category;
			sourceTree = "<group>";
		};
		1897D66B277076B000AB932E /* Qr */ = {
			isa = PBXGroup;
			children = (
				1897D66C277076B000AB932E /* JMQrCodeViewController.h */,
				1897D66D277076B000AB932E /* JMQrCodeViewController.m */,
			);
			path = Qr;
			sourceTree = "<group>";
		};
		18CB8E8E270DA55A00E61628 /* Blcok */ = {
			isa = PBXGroup;
			children = (
				4B1BA0F8270068E500A7BE74 /* JMBlockVC.h */,
				4B1BA0F9270068E500A7BE74 /* JMBlockVC.m */,
				18CB8E95270DE0F200E61628 /* JMBlock.h */,
				18CB8E96270DE0F200E61628 /* JMBlock.m */,
			);
			path = Blcok;
			sourceTree = "<group>";
		};
		18CB8E98270DE11100E61628 /* RunLoop */ = {
			isa = PBXGroup;
			children = (
				18CB8E99270DE12600E61628 /* JMRunLoopVC.h */,
				18CB8E9A270DE12600E61628 /* JMRunLoopVC.m */,
				4B78F83727140E5700E48F37 /* JMLagMonitor.h */,
				4B78F83827140E5700E48F37 /* JMLagMonitor.m */,
			);
			path = RunLoop;
			sourceTree = "<group>";
		};
		18CB8E9E270F454000E61628 /* 内存管理 */ = {
			isa = PBXGroup;
			children = (
				18CB8EA2270F45E200E61628 /* NSTimer+JMWeakTimer.h */,
				18CB8EA3270F45E200E61628 /* NSTimer+JMWeakTimer.m */,
			);
			path = "内存管理";
			sourceTree = "<group>";
		};
		18ED027F293DDFA000ACB9AA /* GrayView */ = {
			isa = PBXGroup;
			children = (
				18ED0289293DE04D00ACB9AA /* JMGrayVC.h */,
				18ED028A293DE04D00ACB9AA /* JMGrayVC.m */,
				18ED028C293DE0A300ACB9AA /* JMGrayCell.h */,
				18ED028D293DE0A300ACB9AA /* JMGrayCell.m */,
				18ED028F293DE0CD00ACB9AA /* JMViewOverLay.h */,
				18ED0290293DE0CD00ACB9AA /* JMViewOverLay.m */,
			);
			path = GrayView;
			sourceTree = "<group>";
		};
		4B1B58C8271E9C100020ECEE /* Frame、Bounds */ = {
			isa = PBXGroup;
			children = (
				4B1B58C2271D57A40020ECEE /* JMFrameAndBoundsVC.h */,
				4B1B58C3271D57A40020ECEE /* JMFrameAndBoundsVC.m */,
				4B1B58C5271D681E0020ECEE /* JMView.h */,
				4B1B58C6271D681E0020ECEE /* JMView.m */,
			);
			path = "Frame、Bounds";
			sourceTree = "<group>";
		};
		4B1D771226D7443F00205028 /* appLaunch */ = {
			isa = PBXGroup;
			children = (
				4B1D771326D7443F00205028 /* index.html */,
				4B1D771426D7443F00205028 /* style */,
			);
			path = appLaunch;
			sourceTree = "<group>";
		};
		4B1D771426D7443F00205028 /* style */ = {
			isa = PBXGroup;
			children = (
				4B1D771526D7443F00205028 /* jquery.min.js */,
				4B1D771626D7443F00205028 /* OA.png */,
			);
			path = style;
			sourceTree = "<group>";
		};
		4B33160626FCB12A00F3C295 /* Runtime */ = {
			isa = PBXGroup;
			children = (
				4BE4808326FC2AAD0065F11E /* JMRuntimeMsgSendVC.h */,
				4BE4808426FC2AAD0065F11E /* JMRuntimeMsgSendVC.m */,
				4B33160726FCB14800F3C295 /* JMPerson.h */,
				4B33160826FCB14800F3C295 /* JMPerson.m */,
				4B33160A26FCB16300F3C295 /* JMStudent.h */,
				4B33160B26FCB16300F3C295 /* JMStudent.m */,
			);
			path = Runtime;
			sourceTree = "<group>";
		};
		4B4F9813272159E300A10819 /* JMBanner */ = {
			isa = PBXGroup;
			children = (
				4B4F9814272159F900A10819 /* JMBannerVC.h */,
				4B4F9815272159F900A10819 /* JMBannerVC.m */,
				4B4F981727215A2A00A10819 /* JMBannerView.h */,
				4B4F981827215A2A00A10819 /* JMBannerView.m */,
			);
			path = JMBanner;
			sourceTree = "<group>";
		};
		4B4F981A2726A02200A10819 /* JMNetworkStatusTool */ = {
			isa = PBXGroup;
			children = (
				4B4F981B2726A06100A10819 /* JMNetworkStatusTool.h */,
				4B4F981C2726A06100A10819 /* JMNetworkStatusTool.m */,
				4B4F981E2726B2F000A10819 /* JMUpLoadIdfa.h */,
				4B4F981F2726B2F000A10819 /* JMUpLoadIdfa.m */,
			);
			path = JMNetworkStatusTool;
			sourceTree = "<group>";
		};
		4B51D139271EA5CD00C0CC00 /* CALayer */ = {
			isa = PBXGroup;
			children = (
				4B51D13A271EA5EE00C0CC00 /* JMCALayerVC.h */,
				4B51D13B271EA5EE00C0CC00 /* JMCALayerVC.m */,
			);
			path = CALayer;
			sourceTree = "<group>";
		};
		4B78F83427140D6D00E48F37 /* Webview */ = {
			isa = PBXGroup;
			children = (
				18FE54A926AE5F07007FD56B /* JMWebviewVC.h */,
				18FE54AA26AE5F07007FD56B /* JMWebviewVC.m */,
				4B1D770D26D742EF00205028 /* JMUIWebViewVC.h */,
				4B1D770E26D742EF00205028 /* JMUIWebViewVC.m */,
			);
			path = Webview;
			sourceTree = "<group>";
		};
		4B78F83527140D8800E48F37 /* 动画 */ = {
			isa = PBXGroup;
			children = (
				182D6D2B26A7B7CB007F2019 /* JMCATransitionVC.h */,
				182D6D2C26A7B7CB007F2019 /* JMCATransitionVC.m */,
				1847F41526BA456F00836E1E /* JMPopVC.h */,
				1847F41626BA456F00836E1E /* JMPopVC.m */,
			);
			path = "动画";
			sourceTree = "<group>";
		};
		4B78F83627140DBB00E48F37 /* GCD、KVO、KVC */ = {
			isa = PBXGroup;
			children = (
				4B2EFF1C26CCAB33008163B6 /* JMGCDVC.h */,
				4B2EFF1D26CCAB33008163B6 /* JMGCDVC.m */,
				4B1BA0F526FDCA4300A7BE74 /* JMOperatorVC.h */,
				4B1BA0F626FDCA4300A7BE74 /* JMOperatorVC.m */,
				4B1BA0FB27019F7D00A7BE74 /* JMKVOVC.h */,
				4B1BA0FC27019F7D00A7BE74 /* JMKVOVC.m */,
				4BE0E4672705AF8600E34869 /* JMKVOVC+JMCategory.h */,
				4BE0E4682705AF8600E34869 /* JMKVOVC+JMCategory.m */,
				18CB8E88270BFBFC00E61628 /* JMKVCVC.h */,
				18CB8E87270BFBFB00E61628 /* JMKVCVC.m */,
			);
			path = "GCD、KVO、KVC";
			sourceTree = "<group>";
		};
		4BD58F0D272BC85F00E3383B /* 锁 */ = {
			isa = PBXGroup;
			children = (
				4BD58F0E272BC88000E3383B /* JMLockVC.h */,
				4BD58F0F272BC88000E3383B /* JMLockVC.m */,
				4BD58F1C273287A400E3383B /* JMLockSubVC.h */,
				4BD58F1D273287A400E3383B /* JMLockSubVC.m */,
			);
			path = "锁";
			sourceTree = "<group>";
		};
		4BDEF5912728E50C000CEEAD /* NSCoding */ = {
			isa = PBXGroup;
			children = (
				4BDEF5922728E544000CEEAD /* JMNSCodingVC.h */,
				4BDEF5932728E544000CEEAD /* JMNSCodingVC.m */,
				4BDEF5952728E55A000CEEAD /* JMNSCodingModel.h */,
				4BDEF5962728E55A000CEEAD /* JMNSCodingModel.m */,
			);
			path = NSCoding;
			sourceTree = "<group>";
		};
		4BE0E46A270FF66100E34869 /* 代理 */ = {
			isa = PBXGroup;
			children = (
				4BE0E46B270FF67F00E34869 /* JMDelegateVC.h */,
				4BE0E46C270FF67F00E34869 /* JMDelegateVC.m */,
				4BE0E46E270FF79C00E34869 /* JMDelegateObject.h */,
				4BE0E46F270FF79C00E34869 /* JMDelegateObject.m */,
				4BE0E47127101D1100E34869 /* JMObjectA.h */,
				4BE0E47227101D1100E34869 /* JMObjectA.m */,
				4BE0E47427101D1F00E34869 /* JMObjectB.h */,
				4BE0E47527101D1F00E34869 /* JMObjectB.m */,
			);
			path = "代理";
			sourceTree = "<group>";
		};
		4BE25008273A7BA200A1F9D0 /* Gesture(手势) */ = {
			isa = PBXGroup;
			children = (
				4BE25009273A7BDA00A1F9D0 /* JMGestureVC.h */,
				4BE2500A273A7BDA00A1F9D0 /* JMGestureVC.m */,
			);
			path = "Gesture(手势)";
			sourceTree = "<group>";
		};
		4BE2500C273A7DA100A1F9D0 /* 动态创建类 */ = {
			isa = PBXGroup;
			children = (
				4BD58F12272CF9E900E3383B /* JMInitObjWithStrVC.h */,
				4BD58F13272CF9E900E3383B /* JMInitObjWithStrVC.m */,
			);
			path = "动态创建类";
			sourceTree = "<group>";
		};
		4BF60E1F27391DE100C27027 /* ScrollView */ = {
			isa = PBXGroup;
			children = (
				4BF60E2027391E0400C27027 /* JMScrollViewVC.h */,
				4BF60E2127391E0500C27027 /* JMScrollViewVC.m */,
				4BE25002273A51C700A1F9D0 /* JMScrollView.h */,
				4BE25003273A51C700A1F9D0 /* JMScrollView.m */,
			);
			path = ScrollView;
			sourceTree = "<group>";
		};
		5BEB648440B14B83D335BD2E /* Pods */ = {
			isa = PBXGroup;
			children = (
				F42282BC0007B33312170BF4 /* Pods-JMDemo.debug.xcconfig */,
				0D590C3B894C0EC1FA60B321 /* Pods-JMDemo.release.xcconfig */,
				3B68FB2F09F54AFA09002558 /* Pods-JMDemo-JMDemoUITests.debug.xcconfig */,
				38734805B0D259A7A18CF75A /* Pods-JMDemo-JMDemoUITests.release.xcconfig */,
				02F976ACAAFACD0E9D12EB4A /* Pods-JMDemoTests.debug.xcconfig */,
				4E55D79F5460D3955B94EFB7 /* Pods-JMDemoTests.release.xcconfig */,
			);
			path = Pods;
			sourceTree = "<group>";
		};
		E470592E3D93AAD384B4DB17 /* Frameworks */ = {
			isa = PBXGroup;
			children = (
				755B003996060F5B8FFBE081 /* Pods_JMDemo.framework */,
				5B084AB12D073AB10DC76E0F /* Pods_JMDemo_JMDemoUITests.framework */,
				A2DF1C6A6620E0FA84C1BD8F /* Pods_JMDemoTests.framework */,
			);
			name = Frameworks;
			sourceTree = "<group>";
		};
/* End PBXGroup section */

/* Begin PBXNativeTarget section */
		182D6CF026A7B371007F2019 /* JMDemo */ = {
			isa = PBXNativeTarget;
			buildConfigurationList = 182D6D2026A7B374007F2019 /* Build configuration list for PBXNativeTarget "JMDemo" */;
			buildPhases = (
				CBD4F05D66452D6E9A85F5EC /* [CP] Check Pods Manifest.lock */,
				182D6CED26A7B371007F2019 /* Sources */,
				182D6CEE26A7B371007F2019 /* Frameworks */,
				182D6CEF26A7B371007F2019 /* Resources */,
				D7728FF473D794C73B044DBF /* [CP] Embed Pods Frameworks */,
			);
			buildRules = (
			);
			dependencies = (
			);
			name = JMDemo;
			productName = JMDemo;
			productReference = 182D6CF126A7B371007F2019 /* JMDemo.app */;
			productType = "com.apple.product-type.application";
		};
		182D6D0B26A7B374007F2019 /* JMDemoTests */ = {
			isa = PBXNativeTarget;
			buildConfigurationList = 182D6D2326A7B374007F2019 /* Build configuration list for PBXNativeTarget "JMDemoTests" */;
			buildPhases = (
				B232613122F75429B2CAC219 /* [CP] Check Pods Manifest.lock */,
				182D6D0826A7B374007F2019 /* Sources */,
				182D6D0926A7B374007F2019 /* Frameworks */,
				182D6D0A26A7B374007F2019 /* Resources */,
			);
			buildRules = (
			);
			dependencies = (
				182D6D0E26A7B374007F2019 /* PBXTargetDependency */,
			);
			name = JMDemoTests;
			productName = JMDemoTests;
			productReference = 182D6D0C26A7B374007F2019 /* JMDemoTests.xctest */;
			productType = "com.apple.product-type.bundle.unit-test";
		};
		182D6D1626A7B374007F2019 /* JMDemoUITests */ = {
			isa = PBXNativeTarget;
			buildConfigurationList = 182D6D2626A7B374007F2019 /* Build configuration list for PBXNativeTarget "JMDemoUITests" */;
			buildPhases = (
				EFC14D948CA4F669507885DF /* [CP] Check Pods Manifest.lock */,
				182D6D1326A7B374007F2019 /* Sources */,
				182D6D1426A7B374007F2019 /* Frameworks */,
				182D6D1526A7B374007F2019 /* Resources */,
				35CDCFD248B2ED6135BF1740 /* [CP] Embed Pods Frameworks */,
			);
			buildRules = (
			);
			dependencies = (
				182D6D1926A7B374007F2019 /* PBXTargetDependency */,
			);
			name = JMDemoUITests;
			productName = JMDemoUITests;
			productReference = 182D6D1726A7B374007F2019 /* JMDemoUITests.xctest */;
			productType = "com.apple.product-type.bundle.ui-testing";
		};
/* End PBXNativeTarget section */

/* Begin PBXProject section */
		182D6CE926A7B371007F2019 /* Project object */ = {
			isa = PBXProject;
			attributes = {
				CLASSPREFIX = JM;
				LastUpgradeCheck = 1300;
				TargetAttributes = {
					182D6CF026A7B371007F2019 = {
						CreatedOnToolsVersion = 12.5.1;
					};
					182D6D0B26A7B374007F2019 = {
						CreatedOnToolsVersion = 12.5.1;
						TestTargetID = 182D6CF026A7B371007F2019;
					};
					182D6D1626A7B374007F2019 = {
						CreatedOnToolsVersion = 12.5.1;
						TestTargetID = 182D6CF026A7B371007F2019;
					};
				};
			};
			buildConfigurationList = 182D6CEC26A7B371007F2019 /* Build configuration list for PBXProject "JMDemo" */;
			compatibilityVersion = "Xcode 9.3";
			developmentRegion = en;
			hasScannedForEncodings = 0;
			knownRegions = (
				en,
				Base,
			);
			mainGroup = 182D6CE826A7B371007F2019;
			productRefGroup = 182D6CF226A7B371007F2019 /* Products */;
			projectDirPath = "";
			projectRoot = "";
			targets = (
				182D6CF026A7B371007F2019 /* JMDemo */,
				182D6D0B26A7B374007F2019 /* JMDemoTests */,
				182D6D1626A7B374007F2019 /* JMDemoUITests */,
			);
		};
/* End PBXProject section */

/* Begin PBXResourcesBuildPhase section */
		182D6CEF26A7B371007F2019 /* Resources */ = {
			isa = PBXResourcesBuildPhase;
			buildActionMask = 2147483647;
			files = (
				4B1D771926D7443F00205028 /* OA.png in Resources */,
				4B1D771726D7443F00205028 /* index.html in Resources */,
				182D6D0426A7B373007F2019 /* LaunchScreen.storyboard in Resources */,
				4B1D771826D7443F00205028 /* jquery.min.js in Resources */,
				182D6D0126A7B373007F2019 /* Assets.xcassets in Resources */,
			);
			runOnlyForDeploymentPostprocessing = 0;
		};
		182D6D0A26A7B374007F2019 /* Resources */ = {
			isa = PBXResourcesBuildPhase;
			buildActionMask = 2147483647;
			files = (
			);
			runOnlyForDeploymentPostprocessing = 0;
		};
		182D6D1526A7B374007F2019 /* Resources */ = {
			isa = PBXResourcesBuildPhase;
			buildActionMask = 2147483647;
			files = (
			);
			runOnlyForDeploymentPostprocessing = 0;
		};
/* End PBXResourcesBuildPhase section */

/* Begin PBXShellScriptBuildPhase section */
		35CDCFD248B2ED6135BF1740 /* [CP] Embed Pods Frameworks */ = {
			isa = PBXShellScriptBuildPhase;
			buildActionMask = 2147483647;
			files = (
			);
			inputFileListPaths = (
				"${PODS_ROOT}/Target Support Files/Pods-JMDemo-JMDemoUITests/Pods-JMDemo-JMDemoUITests-frameworks-${CONFIGURATION}-input-files.xcfilelist",
			);
			name = "[CP] Embed Pods Frameworks";
			outputFileListPaths = (
				"${PODS_ROOT}/Target Support Files/Pods-JMDemo-JMDemoUITests/Pods-JMDemo-JMDemoUITests-frameworks-${CONFIGURATION}-output-files.xcfilelist",
			);
			runOnlyForDeploymentPostprocessing = 0;
			shellPath = /bin/sh;
			shellScript = "\"${PODS_ROOT}/Target Support Files/Pods-JMDemo-JMDemoUITests/Pods-JMDemo-JMDemoUITests-frameworks.sh\"\n";
			showEnvVarsInLog = 0;
		};
		B232613122F75429B2CAC219 /* [CP] Check Pods Manifest.lock */ = {
			isa = PBXShellScriptBuildPhase;
			buildActionMask = 2147483647;
			files = (
			);
			inputFileListPaths = (
			);
			inputPaths = (
				"${PODS_PODFILE_DIR_PATH}/Podfile.lock",
				"${PODS_ROOT}/Manifest.lock",
			);
			name = "[CP] Check Pods Manifest.lock";
			outputFileListPaths = (
			);
			outputPaths = (
				"$(DERIVED_FILE_DIR)/Pods-JMDemoTests-checkManifestLockResult.txt",
			);
			runOnlyForDeploymentPostprocessing = 0;
			shellPath = /bin/sh;
			shellScript = "diff \"${PODS_PODFILE_DIR_PATH}/Podfile.lock\" \"${PODS_ROOT}/Manifest.lock\" > /dev/null\nif [ $? != 0 ] ; then\n    # print error to STDERR\n    echo \"error: The sandbox is not in sync with the Podfile.lock. Run 'pod install' or update your CocoaPods installation.\" >&2\n    exit 1\nfi\n# This output is used by Xcode 'outputs' to avoid re-running this script phase.\necho \"SUCCESS\" > \"${SCRIPT_OUTPUT_FILE_0}\"\n";
			showEnvVarsInLog = 0;
		};
		CBD4F05D66452D6E9A85F5EC /* [CP] Check Pods Manifest.lock */ = {
			isa = PBXShellScriptBuildPhase;
			buildActionMask = 2147483647;
			files = (
			);
			inputFileListPaths = (
			);
			inputPaths = (
				"${PODS_PODFILE_DIR_PATH}/Podfile.lock",
				"${PODS_ROOT}/Manifest.lock",
			);
			name = "[CP] Check Pods Manifest.lock";
			outputFileListPaths = (
			);
			outputPaths = (
				"$(DERIVED_FILE_DIR)/Pods-JMDemo-checkManifestLockResult.txt",
			);
			runOnlyForDeploymentPostprocessing = 0;
			shellPath = /bin/sh;
			shellScript = "diff \"${PODS_PODFILE_DIR_PATH}/Podfile.lock\" \"${PODS_ROOT}/Manifest.lock\" > /dev/null\nif [ $? != 0 ] ; then\n    # print error to STDERR\n    echo \"error: The sandbox is not in sync with the Podfile.lock. Run 'pod install' or update your CocoaPods installation.\" >&2\n    exit 1\nfi\n# This output is used by Xcode 'outputs' to avoid re-running this script phase.\necho \"SUCCESS\" > \"${SCRIPT_OUTPUT_FILE_0}\"\n";
			showEnvVarsInLog = 0;
		};
		D7728FF473D794C73B044DBF /* [CP] Embed Pods Frameworks */ = {
			isa = PBXShellScriptBuildPhase;
			buildActionMask = 2147483647;
			files = (
			);
			inputFileListPaths = (
				"${PODS_ROOT}/Target Support Files/Pods-JMDemo/Pods-JMDemo-frameworks-${CONFIGURATION}-input-files.xcfilelist",
			);
			name = "[CP] Embed Pods Frameworks";
			outputFileListPaths = (
				"${PODS_ROOT}/Target Support Files/Pods-JMDemo/Pods-JMDemo-frameworks-${CONFIGURATION}-output-files.xcfilelist",
			);
			runOnlyForDeploymentPostprocessing = 0;
			shellPath = /bin/sh;
			shellScript = "\"${PODS_ROOT}/Target Support Files/Pods-JMDemo/Pods-JMDemo-frameworks.sh\"\n";
			showEnvVarsInLog = 0;
		};
		EFC14D948CA4F669507885DF /* [CP] Check Pods Manifest.lock */ = {
			isa = PBXShellScriptBuildPhase;
			buildActionMask = 2147483647;
			files = (
			);
			inputFileListPaths = (
			);
			inputPaths = (
				"${PODS_PODFILE_DIR_PATH}/Podfile.lock",
				"${PODS_ROOT}/Manifest.lock",
			);
			name = "[CP] Check Pods Manifest.lock";
			outputFileListPaths = (
			);
			outputPaths = (
				"$(DERIVED_FILE_DIR)/Pods-JMDemo-JMDemoUITests-checkManifestLockResult.txt",
			);
			runOnlyForDeploymentPostprocessing = 0;
			shellPath = /bin/sh;
			shellScript = "diff \"${PODS_PODFILE_DIR_PATH}/Podfile.lock\" \"${PODS_ROOT}/Manifest.lock\" > /dev/null\nif [ $? != 0 ] ; then\n    # print error to STDERR\n    echo \"error: The sandbox is not in sync with the Podfile.lock. Run 'pod install' or update your CocoaPods installation.\" >&2\n    exit 1\nfi\n# This output is used by Xcode 'outputs' to avoid re-running this script phase.\necho \"SUCCESS\" > \"${SCRIPT_OUTPUT_FILE_0}\"\n";
			showEnvVarsInLog = 0;
		};
/* End PBXShellScriptBuildPhase section */

/* Begin PBXSourcesBuildPhase section */
		182D6CED26A7B371007F2019 /* Sources */ = {
			isa = PBXSourcesBuildPhase;
			buildActionMask = 2147483647;
			files = (
				182D6D2D26A7B7CB007F2019 /* JMCATransitionVC.m in Sources */,
				182D6CFC26A7B371007F2019 /* ViewController.m in Sources */,
				4BE0E47627101D1F00E34869 /* JMObjectB.m in Sources */,
				4B51D13C271EA5EE00C0CC00 /* JMCALayerVC.m in Sources */,
				18CB8E97270DE0F300E61628 /* JMBlock.m in Sources */,
				18CB8E89270BFBFC00E61628 /* JMKVCVC.m in Sources */,
				4B4F981927215A2A00A10819 /* JMBannerView.m in Sources */,
				4B2EFF1E26CCAB33008163B6 /* JMGCDVC.m in Sources */,
				4BE0E47327101D1100E34869 /* JMObjectA.m in Sources */,
				4BE0E4692705AF8600E34869 /* JMKVOVC+JMCategory.m in Sources */,
				18ED028B293DE04D00ACB9AA /* JMGrayVC.m in Sources */,
				18CB8E9B270DE12600E61628 /* JMRunLoopVC.m in Sources */,
				1897D66E277076B000AB932E /* JMQrCodeViewController.m in Sources */,
				4B1BA0FA270068E500A7BE74 /* JMBlockVC.m in Sources */,
				4B78F83927140E5700E48F37 /* JMLagMonitor.m in Sources */,
				4B1BA0FD27019F7D00A7BE74 /* JMKVOVC.m in Sources */,
				1847F41726BA456F00836E1E /* JMPopVC.m in Sources */,
				4BE0E46D270FF67F00E34869 /* JMDelegateVC.m in Sources */,
				182D6CF626A7B371007F2019 /* AppDelegate.m in Sources */,
				4B33160C26FCB16300F3C295 /* JMStudent.m in Sources */,
				4BE25004273A51C700A1F9D0 /* JMScrollView.m in Sources */,
				4B1D770F26D742EF00205028 /* JMUIWebViewVC.m in Sources */,
				4B4F981D2726A06100A10819 /* JMNetworkStatusTool.m in Sources */,
				4BF60E2227391E0500C27027 /* JMScrollViewVC.m in Sources */,
				1847F41A26BA461D00836E1E /* JMData.m in Sources */,
				4BDEF5972728E55A000CEEAD /* JMNSCodingModel.m in Sources */,
				18ED028E293DE0A300ACB9AA /* JMGrayCell.m in Sources */,
				18CB8EA4270F45E200E61628 /* NSTimer+JMWeakTimer.m in Sources */,
				4B1B58C4271D57A40020ECEE /* JMFrameAndBoundsVC.m in Sources */,
				4BE4808526FC2AAD0065F11E /* JMRuntimeMsgSendVC.m in Sources */,
				4BD58F14272CF9E900E3383B /* JMInitObjWithStrVC.m in Sources */,
				4B1B58C7271D681E0020ECEE /* JMView.m in Sources */,
				4BD58F10272BC88000E3383B /* JMLockVC.m in Sources */,
				4B4F9816272159F900A10819 /* JMBannerVC.m in Sources */,
				18FE54AB26AE5F07007FD56B /* JMWebviewVC.m in Sources */,
				4B4F98202726B2F000A10819 /* JMUpLoadIdfa.m in Sources */,
				4BE2500B273A7BDA00A1F9D0 /* JMGestureVC.m in Sources */,
				182D6D0726A7B373007F2019 /* main.m in Sources */,
				4B1BA0F726FDCA4300A7BE74 /* JMOperatorVC.m in Sources */,
				4BD58F1E273287A400E3383B /* JMLockSubVC.m in Sources */,
				4BE0E470270FF79C00E34869 /* JMDelegateObject.m in Sources */,
				1847F41426BA452100836E1E /* UIView+KGAnimation.m in Sources */,
				4BDEF5942728E544000CEEAD /* JMNSCodingVC.m in Sources */,
				18ED0291293DE0CD00ACB9AA /* JMViewOverLay.m in Sources */,
				4B33160926FCB14800F3C295 /* JMPerson.m in Sources */,
			);
			runOnlyForDeploymentPostprocessing = 0;
		};
		182D6D0826A7B374007F2019 /* Sources */ = {
			isa = PBXSourcesBuildPhase;
			buildActionMask = 2147483647;
			files = (
			);
			runOnlyForDeploymentPostprocessing = 0;
		};
		182D6D1326A7B374007F2019 /* Sources */ = {
			isa = PBXSourcesBuildPhase;
			buildActionMask = 2147483647;
			files = (
			);
			runOnlyForDeploymentPostprocessing = 0;
		};
/* End PBXSourcesBuildPhase section */

/* Begin PBXTargetDependency section */
		182D6D0E26A7B374007F2019 /* PBXTargetDependency */ = {
			isa = PBXTargetDependency;
			target = 182D6CF026A7B371007F2019 /* JMDemo */;
			targetProxy = 182D6D0D26A7B374007F2019 /* PBXContainerItemProxy */;
		};
		182D6D1926A7B374007F2019 /* PBXTargetDependency */ = {
			isa = PBXTargetDependency;
			target = 182D6CF026A7B371007F2019 /* JMDemo */;
			targetProxy = 182D6D1826A7B374007F2019 /* PBXContainerItemProxy */;
		};
/* End PBXTargetDependency section */

/* Begin PBXVariantGroup section */
		182D6D0226A7B373007F2019 /* LaunchScreen.storyboard */ = {
			isa = PBXVariantGroup;
			children = (
				182D6D0326A7B373007F2019 /* Base */,
			);
			name = LaunchScreen.storyboard;
			sourceTree = "<group>";
		};
/* End PBXVariantGroup section */

/* Begin XCBuildConfiguration section */
		182D6D1E26A7B374007F2019 /* Debug */ = {
			isa = XCBuildConfiguration;
			buildSettings = {
				ALWAYS_SEARCH_USER_PATHS = NO;
				CLANG_ANALYZER_NONNULL = YES;
				CLANG_ANALYZER_NUMBER_OBJECT_CONVERSION = YES_AGGRESSIVE;
				CLANG_CXX_LANGUAGE_STANDARD = "gnu++14";
				CLANG_CXX_LIBRARY = "libc++";
				CLANG_ENABLE_MODULES = YES;
				CLANG_ENABLE_OBJC_ARC = YES;
				CLANG_ENABLE_OBJC_WEAK = YES;
				CLANG_WARN_BLOCK_CAPTURE_AUTORELEASING = YES;
				CLANG_WARN_BOOL_CONVERSION = YES;
				CLANG_WARN_COMMA = YES;
				CLANG_WARN_CONSTANT_CONVERSION = YES;
				CLANG_WARN_DEPRECATED_OBJC_IMPLEMENTATIONS = YES;
				CLANG_WARN_DIRECT_OBJC_ISA_USAGE = YES_ERROR;
				CLANG_WARN_DOCUMENTATION_COMMENTS = YES;
				CLANG_WARN_EMPTY_BODY = YES;
				CLANG_WARN_ENUM_CONVERSION = YES;
				CLANG_WARN_INFINITE_RECURSION = YES;
				CLANG_WARN_INT_CONVERSION = YES;
				CLANG_WARN_NON_LITERAL_NULL_CONVERSION = YES;
				CLANG_WARN_OBJC_IMPLICIT_RETAIN_SELF = YES;
				CLANG_WARN_OBJC_LITERAL_CONVERSION = YES;
				CLANG_WARN_OBJC_ROOT_CLASS = YES_ERROR;
				CLANG_WARN_QUOTED_INCLUDE_IN_FRAMEWORK_HEADER = YES;
				CLANG_WARN_RANGE_LOOP_ANALYSIS = YES;
				CLANG_WARN_STRICT_PROTOTYPES = YES;
				CLANG_WARN_SUSPICIOUS_MOVE = YES;
				CLANG_WARN_UNGUARDED_AVAILABILITY = YES_AGGRESSIVE;
				CLANG_WARN_UNREACHABLE_CODE = YES;
				CLANG_WARN__DUPLICATE_METHOD_MATCH = YES;
				COPY_PHASE_STRIP = NO;
				DEBUG_INFORMATION_FORMAT = dwarf;
				ENABLE_STRICT_OBJC_MSGSEND = YES;
				ENABLE_TESTABILITY = YES;
				GCC_C_LANGUAGE_STANDARD = gnu11;
				GCC_DYNAMIC_NO_PIC = NO;
				GCC_NO_COMMON_BLOCKS = YES;
				GCC_OPTIMIZATION_LEVEL = 0;
				GCC_PREPROCESSOR_DEFINITIONS = (
					"DEBUG=1",
					"$(inherited)",
				);
				GCC_WARN_64_TO_32_BIT_CONVERSION = YES;
				GCC_WARN_ABOUT_RETURN_TYPE = YES_ERROR;
				GCC_WARN_UNDECLARED_SELECTOR = YES;
				GCC_WARN_UNINITIALIZED_AUTOS = YES_AGGRESSIVE;
				GCC_WARN_UNUSED_FUNCTION = YES;
				GCC_WARN_UNUSED_VARIABLE = YES;
				IPHONEOS_DEPLOYMENT_TARGET = 9.0;
				MTL_ENABLE_DEBUG_INFO = INCLUDE_SOURCE;
				MTL_FAST_MATH = YES;
				ONLY_ACTIVE_ARCH = YES;
				SDKROOT = iphoneos;
			};
			name = Debug;
		};
		182D6D1F26A7B374007F2019 /* Release */ = {
			isa = XCBuildConfiguration;
			buildSettings = {
				ALWAYS_SEARCH_USER_PATHS = NO;
				CLANG_ANALYZER_NONNULL = YES;
				CLANG_ANALYZER_NUMBER_OBJECT_CONVERSION = YES_AGGRESSIVE;
				CLANG_CXX_LANGUAGE_STANDARD = "gnu++14";
				CLANG_CXX_LIBRARY = "libc++";
				CLANG_ENABLE_MODULES = YES;
				CLANG_ENABLE_OBJC_ARC = YES;
				CLANG_ENABLE_OBJC_WEAK = YES;
				CLANG_WARN_BLOCK_CAPTURE_AUTORELEASING = YES;
				CLANG_WARN_BOOL_CONVERSION = YES;
				CLANG_WARN_COMMA = YES;
				CLANG_WARN_CONSTANT_CONVERSION = YES;
				CLANG_WARN_DEPRECATED_OBJC_IMPLEMENTATIONS = YES;
				CLANG_WARN_DIRECT_OBJC_ISA_USAGE = YES_ERROR;
				CLANG_WARN_DOCUMENTATION_COMMENTS = YES;
				CLANG_WARN_EMPTY_BODY = YES;
				CLANG_WARN_ENUM_CONVERSION = YES;
				CLANG_WARN_INFINITE_RECURSION = YES;
				CLANG_WARN_INT_CONVERSION = YES;
				CLANG_WARN_NON_LITERAL_NULL_CONVERSION = YES;
				CLANG_WARN_OBJC_IMPLICIT_RETAIN_SELF = YES;
				CLANG_WARN_OBJC_LITERAL_CONVERSION = YES;
				CLANG_WARN_OBJC_ROOT_CLASS = YES_ERROR;
				CLANG_WARN_QUOTED_INCLUDE_IN_FRAMEWORK_HEADER = YES;
				CLANG_WARN_RANGE_LOOP_ANALYSIS = YES;
				CLANG_WARN_STRICT_PROTOTYPES = YES;
				CLANG_WARN_SUSPICIOUS_MOVE = YES;
				CLANG_WARN_UNGUARDED_AVAILABILITY = YES_AGGRESSIVE;
				CLANG_WARN_UNREACHABLE_CODE = YES;
				CLANG_WARN__DUPLICATE_METHOD_MATCH = YES;
				COPY_PHASE_STRIP = NO;
				DEBUG_INFORMATION_FORMAT = "dwarf-with-dsym";
				ENABLE_NS_ASSERTIONS = NO;
				ENABLE_STRICT_OBJC_MSGSEND = YES;
				GCC_C_LANGUAGE_STANDARD = gnu11;
				GCC_NO_COMMON_BLOCKS = YES;
				GCC_WARN_64_TO_32_BIT_CONVERSION = YES;
				GCC_WARN_ABOUT_RETURN_TYPE = YES_ERROR;
				GCC_WARN_UNDECLARED_SELECTOR = YES;
				GCC_WARN_UNINITIALIZED_AUTOS = YES_AGGRESSIVE;
				GCC_WARN_UNUSED_FUNCTION = YES;
				GCC_WARN_UNUSED_VARIABLE = YES;
				IPHONEOS_DEPLOYMENT_TARGET = 9.0;
				MTL_ENABLE_DEBUG_INFO = NO;
				MTL_FAST_MATH = YES;
				SDKROOT = iphoneos;
				VALIDATE_PRODUCT = YES;
			};
			name = Release;
		};
		182D6D2126A7B374007F2019 /* Debug */ = {
			isa = XCBuildConfiguration;
			baseConfigurationReference = F42282BC0007B33312170BF4 /* Pods-JMDemo.debug.xcconfig */;
			buildSettings = {
				ARCHS = "$(ARCHS_STANDARD)";
				ASSETCATALOG_COMPILER_APPICON_NAME = AppIcon;
				ASSETCATALOG_COMPILER_GLOBAL_ACCENT_COLOR_NAME = AccentColor;
				"CODE_SIGN_IDENTITY[sdk=iphoneos*]" = "iPhone Developer";
				CODE_SIGN_STYLE = Manual;
				CURRENT_PROJECT_VERSION = 1;
				DEVELOPMENT_TEAM = "";
				"DEVELOPMENT_TEAM[sdk=iphoneos*]" = CVT5K5W5HB;
				EXCLUDED_ARCHS = "EXCLUDED_ARCHS__EFFECTIVE_PLATFORM_SUFFIX_simulator__NATIVE_ARCH_64_BIT_x86_64=arm64 arm64e armv7 armv7s armv6 armv8 EXCLUDED_ARCHS=$(inherited) $(EXCLUDED_ARCHS__EFFECTIVE_PLATFORM_SUFFIX_$(EFFECTIVE_PLATFORM_SUFFIX)__NATIVE_ARCH_64_BIT_$(NATIVE_ARCH_64_BIT))";
				GCC_PREFIX_HEADER = "$(SRCROOT)/JMDemo/JMDemo-Header.h";
				INFOPLIST_FILE = JMDemo/Info.plist;
				LD_RUNPATH_SEARCH_PATHS = (
					"$(inherited)",
					"@executable_path/Frameworks",
				);
				MARKETING_VERSION = 1.0.1;
				PRODUCT_BUNDLE_IDENTIFIER = com.jiemin.demo;
				PRODUCT_NAME = "$(TARGET_NAME)";
				PROVISIONING_PROFILE_SPECIFIER = "";
				"PROVISIONING_PROFILE_SPECIFIER[sdk=iphoneos*]" = wildcard;
				TARGETED_DEVICE_FAMILY = "1,2";
			};
			name = Debug;
		};
		182D6D2226A7B374007F2019 /* Release */ = {
			isa = XCBuildConfiguration;
			baseConfigurationReference = 0D590C3B894C0EC1FA60B321 /* Pods-JMDemo.release.xcconfig */;
			buildSettings = {
				ARCHS = "$(ARCHS_STANDARD)";
				ASSETCATALOG_COMPILER_APPICON_NAME = AppIcon;
				ASSETCATALOG_COMPILER_GLOBAL_ACCENT_COLOR_NAME = AccentColor;
				"CODE_SIGN_IDENTITY[sdk=iphoneos*]" = "iPhone Developer";
				CODE_SIGN_STYLE = Manual;
				CURRENT_PROJECT_VERSION = 1;
				DEVELOPMENT_TEAM = "";
				"DEVELOPMENT_TEAM[sdk=iphoneos*]" = CVT5K5W5HB;
				EXCLUDED_ARCHS = "EXCLUDED_ARCHS__EFFECTIVE_PLATFORM_SUFFIX_simulator__NATIVE_ARCH_64_BIT_x86_64=arm64 arm64e armv7 armv7s armv6 armv8 EXCLUDED_ARCHS=$(inherited) $(EXCLUDED_ARCHS__EFFECTIVE_PLATFORM_SUFFIX_$(EFFECTIVE_PLATFORM_SUFFIX)__NATIVE_ARCH_64_BIT_$(NATIVE_ARCH_64_BIT))";
				GCC_PREFIX_HEADER = "$(SRCROOT)/JMDemo/JMDemo-Header.h";
				INFOPLIST_FILE = JMDemo/Info.plist;
				LD_RUNPATH_SEARCH_PATHS = (
					"$(inherited)",
					"@executable_path/Frameworks",
				);
				MARKETING_VERSION = 1.0.1;
				PRODUCT_BUNDLE_IDENTIFIER = com.jiemin.demo;
				PRODUCT_NAME = "$(TARGET_NAME)";
				PROVISIONING_PROFILE_SPECIFIER = "";
				"PROVISIONING_PROFILE_SPECIFIER[sdk=iphoneos*]" = wildcard;
				TARGETED_DEVICE_FAMILY = "1,2";
			};
			name = Release;
		};
		182D6D2426A7B374007F2019 /* Debug */ = {
			isa = XCBuildConfiguration;
			baseConfigurationReference = 02F976ACAAFACD0E9D12EB4A /* Pods-JMDemoTests.debug.xcconfig */;
			buildSettings = {
				BUNDLE_LOADER = "$(TEST_HOST)";
				CODE_SIGN_STYLE = Automatic;
				INFOPLIST_FILE = JMDemoTests/Info.plist;
				IPHONEOS_DEPLOYMENT_TARGET = 14.5;
				LD_RUNPATH_SEARCH_PATHS = (
					"$(inherited)",
					"@executable_path/Frameworks",
					"@loader_path/Frameworks",
				);
				PRODUCT_BUNDLE_IDENTIFIER = com.jiemin.JMDemoTests;
				PRODUCT_NAME = "$(TARGET_NAME)";
				TARGETED_DEVICE_FAMILY = "1,2";
				TEST_HOST = "$(BUILT_PRODUCTS_DIR)/JMDemo.app/JMDemo";
			};
			name = Debug;
		};
		182D6D2526A7B374007F2019 /* Release */ = {
			isa = XCBuildConfiguration;
			baseConfigurationReference = 4E55D79F5460D3955B94EFB7 /* Pods-JMDemoTests.release.xcconfig */;
			buildSettings = {
				BUNDLE_LOADER = "$(TEST_HOST)";
				CODE_SIGN_STYLE = Automatic;
				INFOPLIST_FILE = JMDemoTests/Info.plist;
				IPHONEOS_DEPLOYMENT_TARGET = 14.5;
				LD_RUNPATH_SEARCH_PATHS = (
					"$(inherited)",
					"@executable_path/Frameworks",
					"@loader_path/Frameworks",
				);
				PRODUCT_BUNDLE_IDENTIFIER = com.jiemin.JMDemoTests;
				PRODUCT_NAME = "$(TARGET_NAME)";
				TARGETED_DEVICE_FAMILY = "1,2";
				TEST_HOST = "$(BUILT_PRODUCTS_DIR)/JMDemo.app/JMDemo";
			};
			name = Release;
		};
		182D6D2726A7B374007F2019 /* Debug */ = {
			isa = XCBuildConfiguration;
			baseConfigurationReference = 3B68FB2F09F54AFA09002558 /* Pods-JMDemo-JMDemoUITests.debug.xcconfig */;
			buildSettings = {
				CODE_SIGN_STYLE = Automatic;
				INFOPLIST_FILE = JMDemoUITests/Info.plist;
				LD_RUNPATH_SEARCH_PATHS = (
					"$(inherited)",
					"@executable_path/Frameworks",
					"@loader_path/Frameworks",
				);
				PRODUCT_BUNDLE_IDENTIFIER = com.jiemin.JMDemoUITests;
				PRODUCT_NAME = "$(TARGET_NAME)";
				TARGETED_DEVICE_FAMILY = "1,2";
				TEST_TARGET_NAME = JMDemo;
			};
			name = Debug;
		};
		182D6D2826A7B374007F2019 /* Release */ = {
			isa = XCBuildConfiguration;
			baseConfigurationReference = 38734805B0D259A7A18CF75A /* Pods-JMDemo-JMDemoUITests.release.xcconfig */;
			buildSettings = {
				CODE_SIGN_STYLE = Automatic;
				INFOPLIST_FILE = JMDemoUITests/Info.plist;
				LD_RUNPATH_SEARCH_PATHS = (
					"$(inherited)",
					"@executable_path/Frameworks",
					"@loader_path/Frameworks",
				);
				PRODUCT_BUNDLE_IDENTIFIER = com.jiemin.JMDemoUITests;
				PRODUCT_NAME = "$(TARGET_NAME)";
				TARGETED_DEVICE_FAMILY = "1,2";
				TEST_TARGET_NAME = JMDemo;
			};
			name = Release;
		};
/* End XCBuildConfiguration section */

/* Begin XCConfigurationList section */
		182D6CEC26A7B371007F2019 /* Build configuration list for PBXProject "JMDemo" */ = {
			isa = XCConfigurationList;
			buildConfigurations = (
				182D6D1E26A7B374007F2019 /* Debug */,
				182D6D1F26A7B374007F2019 /* Release */,
			);
			defaultConfigurationIsVisible = 0;
			defaultConfigurationName = Release;
		};
		182D6D2026A7B374007F2019 /* Build configuration list for PBXNativeTarget "JMDemo" */ = {
			isa = XCConfigurationList;
			buildConfigurations = (
				182D6D2126A7B374007F2019 /* Debug */,
				182D6D2226A7B374007F2019 /* Release */,
			);
			defaultConfigurationIsVisible = 0;
			defaultConfigurationName = Release;
		};
		182D6D2326A7B374007F2019 /* Build configuration list for PBXNativeTarget "JMDemoTests" */ = {
			isa = XCConfigurationList;
			buildConfigurations = (
				182D6D2426A7B374007F2019 /* Debug */,
				182D6D2526A7B374007F2019 /* Release */,
			);
			defaultConfigurationIsVisible = 0;
			defaultConfigurationName = Release;
		};
		182D6D2626A7B374007F2019 /* Build configuration list for PBXNativeTarget "JMDemoUITests" */ = {
			isa = XCConfigurationList;
			buildConfigurations = (
				182D6D2726A7B374007F2019 /* Debug */,
				182D6D2826A7B374007F2019 /* Release */,
			);
			defaultConfigurationIsVisible = 0;
			defaultConfigurationName = Release;
		};
/* End XCConfigurationList section */
	};
	rootObject = 182D6CE926A7B371007F2019 /* Project object */;
}
